<?xml version="1.0" encoding="utf-8"?>
<Project ToolsVersion="17.0" xmlns="http://schemas.microsoft.com/developer/msbuild/2003">
  <ItemGroup>
    <ClCompile Include="C:\Users\User\Documents\GitHub\Bullet-gambit\LearnOpenGL-master\src\3.model_loading\1.model_loading\model_loading.cpp">
      <Filter>Source Files</Filter>
    </ClCompile>
  </ItemGroup>
  <ItemGroup>
    <CustomBuild Include="C:\Users\User\Documents\GitHub\Bullet-gambit\LearnOpenGL-master\CMakeLists.txt" />
  </ItemGroup>
  <ItemGroup>
    <None Include="C:\Users\User\Documents\GitHub\Bullet-gambit\LearnOpenGL-master\src\3.model_loading\1.model_loading\1.model_loading.fs" />
    <None Include="C:\Users\User\Documents\GitHub\Bullet-gambit\LearnOpenGL-master\src\3.model_loading\1.model_loading\1.model_loading.vs" />
  </ItemGroup>
  <ItemGroup>
    <Filter Include="Source Files">
      <UniqueIdentifier>{9CFB5DEE-6A69-3F50-A91F-4308AECD40A6}</UniqueIdentifier>
    </Filter>
  </ItemGroup>
</Project>
